
Microsoft Visual Studio Solution File, Format Version 12.00
# Visual Studio Version 16
VisualStudioVersion = 16.0.31205.134
MinimumVisualStudioVersion = 10.0.40219.1
Project("{FAE04EC0-301F-11D3-BF4B-00C04F79EFBC}") = "wpf Image Gallery", "wpf Image Gallery\wpf Image Gallery.csproj", "{65EF6992-6369-4120-8FAE-79744EB29AEC}"
EndProject
Global
	GlobalSection(SolutionConfigurationPlatforms) = preSolution
		Debug|Any CPU = Debug|Any CPU
		Release|Any CPU = Release|Any CPU
	EndGlobalSection
	GlobalSection(ProjectConfigurationPlatforms) = postSolution
		{65EF6992-6369-4120-8FAE-79744EB29AEC}.Debug|Any CPU.ActiveCfg = Debug|Any CPU
		{65EF6992-6369-4120-8FAE-79744EB29AEC}.Debug|Any CPU.Build.0 = Debug|Any CPU
		{65EF6992-6369-4120-8FAE-79744EB29AEC}.Release|Any CPU.ActiveCfg = Release|Any CPU
		{65EF6992-6369-4120-8FAE-79744EB29AEC}.Release|Any CPU.Build.0 = Release|Any CPU
	EndGlobalSection
	GlobalSection(SolutionProperties) = preSolution
		HideSolutionNode = FALSE
	EndGlobalSection
	GlobalSection(ExtensibilityGlobals) = postSolution
		SolutionGuid = {781DD8EA-5200-4979-8824-737B55C604F8}
	EndGlobalSection
EndGlobal
